{
    "_meta": {
        "hash": {
            "sha256": "0e9e07b5ec333725f0dfafc32fac2a20fb630da0a30348c3aff4d537ce3bc0b3"
        },
        "pipfile-spec": 6,
        "requires": {
            "python_version": "3.7"
        },
        "sources": [
            {
                "name": "pypi",
                "url": "https://pypi.org/simple",
                "verify_ssl": true
            }
        ]
    },
    "default": {
        "psutil": {
            "hashes": [
                "sha256:01bc82813fbc3ea304914581954979e637bcc7084e59ac904d870d6eb8bb2bc7",
                "sha256:1cd6a0c9fb35ece2ccf2d1dd733c1e165b342604c67454fd56a4c12e0a106787",
                "sha256:2cb55ef9591b03ef0104bedf67cc4edb38a3edf015cf8cf24007b99cb8497542",
                "sha256:56c85120fa173a5d2ad1d15a0c6e0ae62b388bfb956bb036ac231fbdaf9e4c22",
                "sha256:5d9106ff5ec2712e2f659ebbd112967f44e7d33f40ba40530c485cc5904360b8",
                "sha256:6a3e1fd2800ca45083d976b5478a2402dd62afdfb719b30ca46cd28bb25a2eb4",
                "sha256:ade6af32eb80a536eff162d799e31b7ef92ddcda707c27bbd077238065018df4",
                "sha256:af73f7bcebdc538eda9cc81d19db1db7bf26f103f91081d780bbacfcb620dee2",
                "sha256:e02c31b2990dcd2431f4524b93491941df39f99619b0d312dfe1d4d530b08b4b",
                "sha256:fa38ac15dbf161ab1e941ff4ce39abd64b53fec5ddf60c23290daed2bc7d1157",
                "sha256:fbcac492cb082fa38d88587d75feb90785d05d7e12d4565cbf1ecc727aff71b7"
            ],
            "index": "pypi",
            "version": "==5.7.3"
        },
        "pyqt5": {
            "hashes": [
                "sha256:29889845688a54d62820585ad5b2e0200a36b304ff3d7a555e95599f110ba4ce",
                "sha256:372b08dc9321d1201e4690182697c5e7ffb2e0770e6b4a45519025134b12e4fc",
                "sha256:894ca4ae767a8d6cf5903784b71f755073c78cb8c167eecf6e4ed6b3b055ac6a",
                "sha256:ea24f24b7679bf393dd2e4f53fe0ce65021be18304c1ff7a226c2fc5c356d0da",
                "sha256:faaecb76ec65e12673a968e7f5bc02495957e6996f0a3fa0d98895f9e4113746"
            ],
            "index": "pypi",
            "version": "==5.15.2"
        },
        "pyqt5-sip": {
            "hashes": [
                "sha256:0304ca9114b9817a270f67f421355075b78ff9fc25ac58ffd72c2601109d2194",
                "sha256:0cd969be528c27bbd4755bd323dff4a79a8fdda28215364e6ce3e069cb56c2a9",
                "sha256:2f35e82fd7ec1e1f6716e9154721c7594956a4f5bd4f826d8c6a6453833cc2f0",
                "sha256:30e944db9abee9cc757aea16906d4198129558533eb7fadbe48c5da2bd18e0bd",
                "sha256:34dcd29be47553d5f016ff86e89e24cbc5eebae92eb2f96fb32d2d7ba028c43c",
                "sha256:5a011aeff89660622a6d5c3388d55a9d76932f3b82c95e82fc31abd8b1d2990d",
                "sha256:6c1ebee60f1d2b3c70aff866b7933d8d8d7646011f7c32f9321ee88c290aa4f9",
                "sha256:7b81382ce188d63890a0e35abe0f9bb946cabc873a31873b73583b0fc84ac115",
                "sha256:832fd60a264de4134c2824d393320838f3ab648180c9c357ec58a74524d24507",
                "sha256:84ba7746762bd223bed22428e8561aa267a229c28344c2d28c5d5d3f8970cffb",
                "sha256:9312ec47cac4e33c11503bc1cbeeb0bdae619620472f38e2078c5a51020a930f",
                "sha256:a1b8ef013086e224b8e86c93f880f776d01b59195bdfa2a8e0b23f0480678fec",
                "sha256:a29e2ac399429d3b7738f73e9081e50783e61ac5d29344e0802d0dcd6056c5a2",
                "sha256:b6d42250baec52a5f77de64e2951d001c5501c3a2df2179f625b241cbaec3369",
                "sha256:bb5a87b66fc1445915104ee97f7a20a69decb42f52803e3b0795fa17ff88226c",
                "sha256:c317ab1263e6417c498b81f5c970a9b1af7acefab1f80b4cc0f2f8e661f29fc5",
                "sha256:c9800729badcb247765e4ffe2241549d02da1fa435b9db224845bc37c3e99cb0",
                "sha256:c9d6d448c29dc6606bb7974696608f81f4316c8234f7c7216396ed110075e777",
                "sha256:da9c9f1e65b9d09e73bd75befc82961b6b61b5a3b9d0a7c832168e1415f163c6",
                "sha256:ed897c58acf4a3cdca61469daa31fe6e44c33c6c06a37c3f21fab31780b3b86a",
                "sha256:f168f0a7f32b81bfeffdf003c36f25d81c97dee5eb67072a5183e761fe250f13"
            ],
            "markers": "python_version >= '3.5'",
            "version": "==12.8.1"
        },
        "xxhash": {
            "hashes": [
                "sha256:02476c5cef803cfd1350662b1e543e47ad64bd5f7f792033d94d590f9674da11",
                "sha256:0ecea927fd3df8f3f3a1d6e5bc85838eb44a69ea2f4c9263dfd0f68c4e17e483",
                "sha256:0f5f1b9ae8e2cf2ff606018769f7e46147df70291312f64e1b80d10482ca8c0b",
                "sha256:16e4b7d508bb49b6fc84bf077f2f7f51263b5618cc61f33a64ed43786ec2c6cf",
                "sha256:1b86f49b36c25ebdbd1b5539d428a37d9051ad49eb576a3edd964a8770bc8f3a",
                "sha256:28c1f0bb6dadc11162d1f2e203d7a12d38b511b87fbb5ffa729594fd456f48e6",
                "sha256:2912d7810bcf7e39b3929fb186fe46ff83b1bd4a3d6b7eba956d57fa1516ac0c",
                "sha256:2f0ca6673fcbae988389576a779c00a62a28718a18ddc7b2e5b32d7fb30c6f98",
                "sha256:3221f1a5bc2ee1f150b84a0c4c7cddc7724aaa01460f3353cf63fd667d89f593",
                "sha256:33c4832e689f429539d70baf69162b41dfbabc7f31ca542b5b772cb8a55e7a79",
                "sha256:3d25b540148f1ebf4852e4115f3f4819b585ecd36f121a1f388e8966d69d3a1c",
                "sha256:3f29f6d455388cc415fe52c0f63f442aaea674cee35a2252d8d4dc8d640938c6",
                "sha256:4167f22b037e128820f7642ecc1fbf1b4b4956346093a2e75081bee82b9cfb7e",
                "sha256:44b26872fd63f1eaf1ab527817aebbd455a3fdcbd56ff6df74fd42a6a137cff4",
                "sha256:48b99c55fc643b32f5efca9c35fcaac6ea553958cf503e202c10eb62718e7a0e",
                "sha256:58ca818554c1476fa1456f6cd4b87002e2294f09baf0f81e5a2a4968e62c423c",
                "sha256:5b3c0c84187556d463626ceed85f0d735a5b8ea1678da3e858d3934f38f23915",
                "sha256:5d2edbb50025a67f061d09d381c54c7d0948c1572f6c9bd15ee238a303d368d9",
                "sha256:635b1d7fa85d215112f41d089bd113ac139f6a42769fcc49c73e779904160f7f",
                "sha256:7291392bdb1d38c44557dfd3fcd4fd04c363a696dbfa7e6592700a31e4ff6657",
                "sha256:7709bc8a5e30c74b07203553f33232531e7739458f72204908cedb08a00bd546",
                "sha256:7943ede91d8aedfcacb7178b2d881b7498145590206ff61c3e84dc66e6a51d6a",
                "sha256:80903d4ce7337921bbc8e5ac695b45691b43c0a00b21964c76e19ea21b9108ea",
                "sha256:82034c9ed54db20f051133cba01de959b5208fe2900e67ebb4c9631f1fd523fd",
                "sha256:85c5de6c56335b75beef2cba713f95a1b62422be5e27dad30b5083419c6839c4",
                "sha256:8b7e930a60dfe7380e52466aa27941290dd575a5750c622158c86941797eaa1b",
                "sha256:8f90deec6567a38e1da29feff36973468691e309b2db8235e64936e61df77c43",
                "sha256:922ae5b1efa1f9a9cc959f7197113a623ad110853622e990433242a9d8d00d5c",
                "sha256:99b5412a3eddb1aa9aaf36cdbf93be4eca99ad83ff8c692672fdeedc7fb597de",
                "sha256:9d0311fcd78dabe04ab3b4034659628b00ac220e77e37648f73aebbf4cb13680",
                "sha256:ade1c356acd0b0454a3d3cf42442afe7ad0f46fc944ea1e84720b3858bfdb772",
                "sha256:b5c2edb8b0a2acc5bdac984b3177711f206463b970aa03087221771c2b0d8f1d",
                "sha256:b94f13f4f946500f3cc78f11da4ec4b340bd92c5200b5fe4e6aeac96064aa1fd",
                "sha256:bcd1e9f3ba8df23edefe1d0a886f16b4e27602acbd8575b39540fea26e1aa6d2",
                "sha256:bdbc195231c87d63b0503785d9c5264f4275a92da41d9f28fdf08fb321453356",
                "sha256:bde4d39997de901d0a66ebd631b34f9cf106676fec0878f36b7baf630cb3965a",
                "sha256:be93004b832717234a7d2f47dc555428ab1e8712f99cad7d212cebe0e27d3d48",
                "sha256:bf360465dc3d24b1501b799c85815c82ddcfc0ffbcba0232968f3a7cd64306fc",
                "sha256:cb4feeb8881eb89b9ddd0fae797deb078ebdaad6b1ae6c185b9993d241ed365a",
                "sha256:cba4b6d174b524623ac8b64bda734601d574f95033f87ddf9c495c69a70135e8",
                "sha256:d1859d54837af16ae2a7975477e619793ac698a374d909f533e317c3b384b223",
                "sha256:df8d1ebdef86bd5d772d81c91d5d111a5ee8e4b68b8fc6b6edfa5aa825dd2a3d",
                "sha256:e0fc170c3a00ca008d992c2e6324da3f1467b30044b5835d2feb27870645d38c",
                "sha256:e296b0dee072a54c40c04f09ca35bb9902bb74b54f0fffeafabfc937b3ec85f9",
                "sha256:e37b25182e969212d5aec60a8da7d1e6a960dbffdb9ba4c63e2240de3605c184",
                "sha256:f01c59f5bad2e46bb4235b71b36c56be353f08b6d514a3bd0deb9bf56e4b180a",
                "sha256:fabee25186b6649bbf6ff258f23941339902374786f8317b0422144ddaa505df",
                "sha256:fb3c9760598009b1d8bbe57785e278aeb956efb7372d8f9b0bb43cd46f420dff",
                "sha256:fc03a399205268815742125b17d967afa9f23b08cdafe185e41368cf7ba9b278",
                "sha256:fca7d0fb6fde33d1ac5f97298f44e711e5fe1b4587832864be8c6545cb072a54"
            ],
            "index": "pypi",
            "version": "==2.0.0"
        }
    },
    "develop": {
        "autopep8": {
            "hashes": [
                "sha256:d21d3901cb0da6ebd1e83fc9b0dfbde8b46afc2ede4fe32fbda0c7c6118ca094"
            ],
            "index": "pypi",
            "version": "==1.5.4"
        },
        "pycodestyle": {
            "hashes": [
                "sha256:2295e7b2f6b5bd100585ebcb1f616591b652db8a741695b3d8f5d28bdc934367",
                "sha256:c58a7d2815e0e8d7972bf1803331fb0152f867bd89adf8a01dfd55085434192e"
            ],
            "markers": "python_version >= '2.7' and python_version not in '3.0, 3.1, 3.2, 3.3'",
            "version": "==2.6.0"
        },
        "toml": {
            "hashes": [
                "sha256:806143ae5bfb6a3c6e736a764057db0e6a0e05e338b5630894a5f779cabb4f9b",
                "sha256:b3bda1d108d5dd99f4a20d24d9c348e91c4db7ab1b749200bded2f839ccbe68f"
            ],
            "markers": "python_version >= '2.6' and python_version not in '3.0, 3.1, 3.2, 3.3'",
            "version": "==0.10.2"
        }
    }
}
